
Microsoft Visual Studio Solution File, Format Version 12.00
# Visual Studio Version 16
VisualStudioVersion = 16.0.32630.194
MinimumVisualStudioVersion = 10.0.40219.1
Project("{FAE04EC0-301F-11D3-BF4B-00C04F79EFBC}") = "Inheritance Assignment", "Inheritance Assignment\Inheritance Assignment.csproj", "{90C25924-1711-4EAD-BD17-F76A16034E97}"
EndProject
Global
	GlobalSection(SolutionConfigurationPlatforms) = preSolution
		Debug|Any CPU = Debug|Any CPU
		Release|Any CPU = Release|Any CPU
	EndGlobalSection
	GlobalSection(ProjectConfigurationPlatforms) = postSolution
		{90C25924-1711-4EAD-BD17-F76A16034E97}.Debug|Any CPU.ActiveCfg = Debug|Any CPU
		{90C25924-1711-4EAD-BD17-F76A16034E97}.Debug|Any CPU.Build.0 = Debug|Any CPU
		{90C25924-1711-4EAD-BD17-F76A16034E97}.Release|Any CPU.ActiveCfg = Release|Any CPU
		{90C25924-1711-4EAD-BD17-F76A16034E97}.Release|Any CPU.Build.0 = Release|Any CPU
	EndGlobalSection
	GlobalSection(SolutionProperties) = preSolution
		HideSolutionNode = FALSE
	EndGlobalSection
	GlobalSection(ExtensibilityGlobals) = postSolution
		SolutionGuid = {B534AB5F-2071-4894-912A-41D73BB40F70}
	EndGlobalSection
EndGlobal
